
Microsoft Visual Studio Solution File, Format Version 12.00
# Visual Studio Version 17
VisualStudioVersion = 17.9.34728.123
MinimumVisualStudioVersion = 10.0.40219.1
Project("{FAE04EC0-301F-11D3-BF4B-00C04F79EFBC}") = "WebAppGraphQL", "WebAppGraphQL\WebAppGraphQL.csproj", "{A83D5AEB-CD4E-47D9-8C5C-B2E5D9D8FE22}"
EndProject
Global
	GlobalSection(SolutionConfigurationPlatforms) = preSolution
		Debug|Any CPU = Debug|Any CPU
		Release|Any CPU = Release|Any CPU
	EndGlobalSection
	GlobalSection(ProjectConfigurationPlatforms) = postSolution
		{A83D5AEB-CD4E-47D9-8C5C-B2E5D9D8FE22}.Debug|Any CPU.ActiveCfg = Debug|Any CPU
		{A83D5AEB-CD4E-47D9-8C5C-B2E5D9D8FE22}.Debug|Any CPU.Build.0 = Debug|Any CPU
		{A83D5AEB-CD4E-47D9-8C5C-B2E5D9D8FE22}.Release|Any CPU.ActiveCfg = Release|Any CPU
		{A83D5AEB-CD4E-47D9-8C5C-B2E5D9D8FE22}.Release|Any CPU.Build.0 = Release|Any CPU
	EndGlobalSection
	GlobalSection(SolutionProperties) = preSolution
		HideSolutionNode = FALSE
	EndGlobalSection
	GlobalSection(ExtensibilityGlobals) = postSolution
		SolutionGuid = {69B212E3-A583-431C-A5CC-0A23E54D2754}
	EndGlobalSection
EndGlobal
